
Microsoft Visual Studio Solution File, Format Version 12.00
# Visual Studio 15
VisualStudioVersion = 15.0.28307.1082
MinimumVisualStudioVersion = 10.0.40219.1
Project("{FAE04EC0-301F-11D3-BF4B-00C04F79EFBC}") = "Login_Project", "Login_Project\Login_Project.csproj", "{6F4DDA9B-D061-4093-912D-50B905605300}"
EndProject
Global
	GlobalSection(SolutionConfigurationPlatforms) = preSolution
		Debug|Any CPU = Debug|Any CPU
		Release|Any CPU = Release|Any CPU
	EndGlobalSection
	GlobalSection(ProjectConfigurationPlatforms) = postSolution
		{6F4DDA9B-D061-4093-912D-50B905605300}.Debug|Any CPU.ActiveCfg = Debug|Any CPU
		{6F4DDA9B-D061-4093-912D-50B905605300}.Debug|Any CPU.Build.0 = Debug|Any CPU
		{6F4DDA9B-D061-4093-912D-50B905605300}.Release|Any CPU.ActiveCfg = Release|Any CPU
		{6F4DDA9B-D061-4093-912D-50B905605300}.Release|Any CPU.Build.0 = Release|Any CPU
	EndGlobalSection
	GlobalSection(SolutionProperties) = preSolution
		HideSolutionNode = FALSE
	EndGlobalSection
	GlobalSection(ExtensibilityGlobals) = postSolution
		SolutionGuid = {84E3009C-921D-44FC-80F6-539AD90CA4A2}
	EndGlobalSection
EndGlobal
